// !$*UTF8*$!
{
	archiveVersion = 1;
	classes = {
	};
	objectVersion = 56;
	objects = {

/* Begin PBXBuildFile section */
		2BFB7F1D2D2BAD0E00BBC0A7 /* AppDelegate.swift in Sources */ = {isa = PBXBuildFile; fileRef = 2BFB7F1C2D2BAD0E00BBC0A7 /* AppDelegate.swift */; };
		2BFB7F1F2D2BAD0E00BBC0A7 /* SceneDelegate.swift in Sources */ = {isa = PBXBuildFile; fileRef = 2BFB7F1E2D2BAD0E00BBC0A7 /* SceneDelegate.swift */; };
		2BFB7F212D2BAD0E00BBC0A7 /* ViewController.swift in Sources */ = {isa = PBXBuildFile; fileRef = 2BFB7F202D2BAD0E00BBC0A7 /* ViewController.swift */; };
		2BFB7F242D2BAD0E00BBC0A7 /* Main.storyboard in Resources */ = {isa = PBXBuildFile; fileRef = 2BFB7F222D2BAD0E00BBC0A7 /* Main.storyboard */; };
		2BFB7F262D2BAD1000BBC0A7 /* Assets.xcassets in Resources */ = {isa = PBXBuildFile; fileRef = 2BFB7F252D2BAD1000BBC0A7 /* Assets.xcassets */; };
		2BFB7F292D2BAD1000BBC0A7 /* LaunchScreen.storyboard in Resources */ = {isa = PBXBuildFile; fileRef = 2BFB7F272D2BAD1000BBC0A7 /* LaunchScreen.storyboard */; };
		2BFB7F352D2BE18F00BBC0A7 /* BitCoinTrackerManager.swift in Sources */ = {isa = PBXBuildFile; fileRef = 2BFB7F342D2BE18F00BBC0A7 /* BitCoinTrackerManager.swift */; };
		2BFB7F372D2BE1BD00BBC0A7 /* BitCoinTrackerData.swift in Sources */ = {isa = PBXBuildFile; fileRef = 2BFB7F362D2BE1BD00BBC0A7 /* BitCoinTrackerData.swift */; };
		2BFB7F392D2BE1E700BBC0A7 /* MainView.swift in Sources */ = {isa = PBXBuildFile; fileRef = 2BFB7F382D2BE1E700BBC0A7 /* MainView.swift */; };
		2BFB7F3B2D2BF72E00BBC0A7 /* BitCoinTrackerModal.swift in Sources */ = {isa = PBXBuildFile; fileRef = 2BFB7F3A2D2BF72E00BBC0A7 /* BitCoinTrackerModal.swift */; };
		D4BD8BA8C1B6A30C463182CA /* Pods_BitCoinTracker.framework in Frameworks */ = {isa = PBXBuildFile; fileRef = 6CB15D680BE0B9DD4F8383AF /* Pods_BitCoinTracker.framework */; };
/* End PBXBuildFile section */

/* Begin PBXFileReference section */
		2BFB7F192D2BAD0E00BBC0A7 /* BitCoinTracker.app */ = {isa = PBXFileReference; explicitFileType = wrapper.application; includeInIndex = 0; path = BitCoinTracker.app; sourceTree = BUILT_PRODUCTS_DIR; };
		2BFB7F1C2D2BAD0E00BBC0A7 /* AppDelegate.swift */ = {isa = PBXFileReference; lastKnownFileType = sourcecode.swift; path = AppDelegate.swift; sourceTree = "<group>"; };
		2BFB7F1E2D2BAD0E00BBC0A7 /* SceneDelegate.swift */ = {isa = PBXFileReference; lastKnownFileType = sourcecode.swift; path = SceneDelegate.swift; sourceTree = "<group>"; };
		2BFB7F202D2BAD0E00BBC0A7 /* ViewController.swift */ = {isa = PBXFileReference; lastKnownFileType = sourcecode.swift; path = ViewController.swift; sourceTree = "<group>"; };
		2BFB7F232D2BAD0E00BBC0A7 /* Base */ = {isa = PBXFileReference; lastKnownFileType = file.storyboard; name = Base; path = Base.lproj/Main.storyboard; sourceTree = "<group>"; };
		2BFB7F252D2BAD1000BBC0A7 /* Assets.xcassets */ = {isa = PBXFileReference; lastKnownFileType = folder.assetcatalog; path = Assets.xcassets; sourceTree = "<group>"; };
		2BFB7F282D2BAD1000BBC0A7 /* Base */ = {isa = PBXFileReference; lastKnownFileType = file.storyboard; name = Base; path = Base.lproj/LaunchScreen.storyboard; sourceTree = "<group>"; };
		2BFB7F2A2D2BAD1000BBC0A7 /* Info.plist */ = {isa = PBXFileReference; lastKnownFileType = text.plist.xml; path = Info.plist; sourceTree = "<group>"; };
		2BFB7F342D2BE18F00BBC0A7 /* BitCoinTrackerManager.swift */ = {isa = PBXFileReference; lastKnownFileType = sourcecode.swift; path = BitCoinTrackerManager.swift; sourceTree = "<group>"; };
		2BFB7F362D2BE1BD00BBC0A7 /* BitCoinTrackerData.swift */ = {isa = PBXFileReference; lastKnownFileType = sourcecode.swift; path = BitCoinTrackerData.swift; sourceTree = "<group>"; };
		2BFB7F382D2BE1E700BBC0A7 /* MainView.swift */ = {isa = PBXFileReference; lastKnownFileType = sourcecode.swift; path = MainView.swift; sourceTree = "<group>"; };
		2BFB7F3A2D2BF72E00BBC0A7 /* BitCoinTrackerModal.swift */ = {isa = PBXFileReference; lastKnownFileType = sourcecode.swift; path = BitCoinTrackerModal.swift; sourceTree = "<group>"; };
		46C2A59BB0B1998E4D56B27A /* Pods-BitCoinTracker.debug.xcconfig */ = {isa = PBXFileReference; includeInIndex = 1; lastKnownFileType = text.xcconfig; name = "Pods-BitCoinTracker.debug.xcconfig"; path = "Target Support Files/Pods-BitCoinTracker/Pods-BitCoinTracker.debug.xcconfig"; sourceTree = "<group>"; };
		5F013A37557F9EAB23CE00C0 /* Pods-BitCoinTracker.release.xcconfig */ = {isa = PBXFileReference; includeInIndex = 1; lastKnownFileType = text.xcconfig; name = "Pods-BitCoinTracker.release.xcconfig"; path = "Target Support Files/Pods-BitCoinTracker/Pods-BitCoinTracker.release.xcconfig"; sourceTree = "<group>"; };
		6CB15D680BE0B9DD4F8383AF /* Pods_BitCoinTracker.framework */ = {isa = PBXFileReference; explicitFileType = wrapper.framework; includeInIndex = 0; path = Pods_BitCoinTracker.framework; sourceTree = BUILT_PRODUCTS_DIR; };
/* End PBXFileReference section */

/* Begin PBXFrameworksBuildPhase section */
		2BFB7F162D2BAD0E00BBC0A7 /* Frameworks */ = {
			isa = PBXFrameworksBuildPhase;
			buildActionMask = 2147483647;
			files = (
				D4BD8BA8C1B6A30C463182CA /* Pods_BitCoinTracker.framework in Frameworks */,
			);
			runOnlyForDeploymentPostprocessing = 0;
		};
/* End PBXFrameworksBuildPhase section */

/* Begin PBXGroup section */
		2BFB7F102D2BAD0E00BBC0A7 = {
			isa = PBXGroup;
			children = (
				2BFB7F1B2D2BAD0E00BBC0A7 /* BitCoinTracker */,
				2BFB7F1A2D2BAD0E00BBC0A7 /* Products */,
				A82A84C061EFC6CA8D16C6F9 /* Pods */,
				CF7D54DE77B5F81715218644 /* Frameworks */,
			);
			sourceTree = "<group>";
		};
		2BFB7F1A2D2BAD0E00BBC0A7 /* Products */ = {
			isa = PBXGroup;
			children = (
				2BFB7F192D2BAD0E00BBC0A7 /* BitCoinTracker.app */,
			);
			name = Products;
			sourceTree = "<group>";
		};
		2BFB7F1B2D2BAD0E00BBC0A7 /* BitCoinTracker */ = {
			isa = PBXGroup;
			children = (
				2BFB7F322D2BADAE00BBC0A7 /* Modal */,
				2BFB7F312D2BADA600BBC0A7 /* View */,
				2BFB7F302D2BAD9600BBC0A7 /* Controller */,
				2BFB7F1C2D2BAD0E00BBC0A7 /* AppDelegate.swift */,
				2BFB7F1E2D2BAD0E00BBC0A7 /* SceneDelegate.swift */,
				2BFB7F222D2BAD0E00BBC0A7 /* Main.storyboard */,
				2BFB7F252D2BAD1000BBC0A7 /* Assets.xcassets */,
				2BFB7F272D2BAD1000BBC0A7 /* LaunchScreen.storyboard */,
				2BFB7F2A2D2BAD1000BBC0A7 /* Info.plist */,
			);
			path = BitCoinTracker;
			sourceTree = "<group>";
		};
		2BFB7F302D2BAD9600BBC0A7 /* Controller */ = {
			isa = PBXGroup;
			children = (
				2BFB7F202D2BAD0E00BBC0A7 /* ViewController.swift */,
			);
			path = Controller;
			sourceTree = "<group>";
		};
		2BFB7F312D2BADA600BBC0A7 /* View */ = {
			isa = PBXGroup;
			children = (
				2BFB7F382D2BE1E700BBC0A7 /* MainView.swift */,
			);
			path = View;
			sourceTree = "<group>";
		};
		2BFB7F322D2BADAE00BBC0A7 /* Modal */ = {
			isa = PBXGroup;
			children = (
				2BFB7F342D2BE18F00BBC0A7 /* BitCoinTrackerManager.swift */,
				2BFB7F362D2BE1BD00BBC0A7 /* BitCoinTrackerData.swift */,
				2BFB7F3A2D2BF72E00BBC0A7 /* BitCoinTrackerModal.swift */,
			);
			path = Modal;
			sourceTree = "<group>";
		};
		A82A84C061EFC6CA8D16C6F9 /* Pods */ = {
			isa = PBXGroup;
			children = (
				46C2A59BB0B1998E4D56B27A /* Pods-BitCoinTracker.debug.xcconfig */,
				5F013A37557F9EAB23CE00C0 /* Pods-BitCoinTracker.release.xcconfig */,
			);
			path = Pods;
			sourceTree = "<group>";
		};
		CF7D54DE77B5F81715218644 /* Frameworks */ = {
			isa = PBXGroup;
			children = (
				6CB15D680BE0B9DD4F8383AF /* Pods_BitCoinTracker.framework */,
			);
			name = Frameworks;
			sourceTree = "<group>";
		};
/* End PBXGroup section */

/* Begin PBXNativeTarget section */
		2BFB7F182D2BAD0E00BBC0A7 /* BitCoinTracker */ = {
			isa = PBXNativeTarget;
			buildConfigurationList = 2BFB7F2D2D2BAD1000BBC0A7 /* Build configuration list for PBXNativeTarget "BitCoinTracker" */;
			buildPhases = (
				E258C12307B9973DEF285A82 /* [CP] Check Pods Manifest.lock */,
				2BFB7F152D2BAD0E00BBC0A7 /* Sources */,
				2BFB7F162D2BAD0E00BBC0A7 /* Frameworks */,
				2BFB7F172D2BAD0E00BBC0A7 /* Resources */,
				855C850D20AC0686DDE70C0E /* [CP] Embed Pods Frameworks */,
			);
			buildRules = (
			);
			dependencies = (
			);
			name = BitCoinTracker;
			productName = BitCoinTracker;
			productReference = 2BFB7F192D2BAD0E00BBC0A7 /* BitCoinTracker.app */;
			productType = "com.apple.product-type.application";
		};
/* End PBXNativeTarget section */

/* Begin PBXProject section */
		2BFB7F112D2BAD0E00BBC0A7 /* Project object */ = {
			isa = PBXProject;
			attributes = {
				BuildIndependentTargetsInParallel = 1;
				LastSwiftUpdateCheck = 1520;
				LastUpgradeCheck = 1520;
				TargetAttributes = {
					2BFB7F182D2BAD0E00BBC0A7 = {
						CreatedOnToolsVersion = 15.2;
					};
				};
			};
			buildConfigurationList = 2BFB7F142D2BAD0E00BBC0A7 /* Build configuration list for PBXProject "BitCoinTracker" */;
			compatibilityVersion = "Xcode 14.0";
			developmentRegion = en;
			hasScannedForEncodings = 0;
			knownRegions = (
				en,
				Base,
			);
			mainGroup = 2BFB7F102D2BAD0E00BBC0A7;
			productRefGroup = 2BFB7F1A2D2BAD0E00BBC0A7 /* Products */;
			projectDirPath = "";
			projectRoot = "";
			targets = (
				2BFB7F182D2BAD0E00BBC0A7 /* BitCoinTracker */,
			);
		};
/* End PBXProject section */

/* Begin PBXResourcesBuildPhase section */
		2BFB7F172D2BAD0E00BBC0A7 /* Resources */ = {
			isa = PBXResourcesBuildPhase;
			buildActionMask = 2147483647;
			files = (
				2BFB7F292D2BAD1000BBC0A7 /* LaunchScreen.storyboard in Resources */,
				2BFB7F262D2BAD1000BBC0A7 /* Assets.xcassets in Resources */,
				2BFB7F242D2BAD0E00BBC0A7 /* Main.storyboard in Resources */,
			);
			runOnlyForDeploymentPostprocessing = 0;
		};
/* End PBXResourcesBuildPhase section */

/* Begin PBXShellScriptBuildPhase section */
		855C850D20AC0686DDE70C0E /* [CP] Embed Pods Frameworks */ = {
			isa = PBXShellScriptBuildPhase;
			buildActionMask = 2147483647;
			files = (
			);
			inputFileListPaths = (
				"${PODS_ROOT}/Target Support Files/Pods-BitCoinTracker/Pods-BitCoinTracker-frameworks-${CONFIGURATION}-input-files.xcfilelist",
			);
			name = "[CP] Embed Pods Frameworks";
			outputFileListPaths = (
				"${PODS_ROOT}/Target Support Files/Pods-BitCoinTracker/Pods-BitCoinTracker-frameworks-${CONFIGURATION}-output-files.xcfilelist",
			);
			runOnlyForDeploymentPostprocessing = 0;
			shellPath = /bin/sh;
			shellScript = "\"${PODS_ROOT}/Target Support Files/Pods-BitCoinTracker/Pods-BitCoinTracker-frameworks.sh\"\n";
			showEnvVarsInLog = 0;
		};
		E258C12307B9973DEF285A82 /* [CP] Check Pods Manifest.lock */ = {
			isa = PBXShellScriptBuildPhase;
			buildActionMask = 2147483647;
			files = (
			);
			inputFileListPaths = (
			);
			inputPaths = (
				"${PODS_PODFILE_DIR_PATH}/Podfile.lock",
				"${PODS_ROOT}/Manifest.lock",
			);
			name = "[CP] Check Pods Manifest.lock";
			outputFileListPaths = (
			);
			outputPaths = (
				"$(DERIVED_FILE_DIR)/Pods-BitCoinTracker-checkManifestLockResult.txt",
			);
			runOnlyForDeploymentPostprocessing = 0;
			shellPath = /bin/sh;
			shellScript = "diff \"${PODS_PODFILE_DIR_PATH}/Podfile.lock\" \"${PODS_ROOT}/Manifest.lock\" > /dev/null\nif [ $? != 0 ] ; then\n    # print error to STDERR\n    echo \"error: The sandbox is not in sync with the Podfile.lock. Run 'pod install' or update your CocoaPods installation.\" >&2\n    exit 1\nfi\n# This output is used by Xcode 'outputs' to avoid re-running this script phase.\necho \"SUCCESS\" > \"${SCRIPT_OUTPUT_FILE_0}\"\n";
			showEnvVarsInLog = 0;
		};
/* End PBXShellScriptBuildPhase section */

/* Begin PBXSourcesBuildPhase section */
		2BFB7F152D2BAD0E00BBC0A7 /* Sources */ = {
			isa = PBXSourcesBuildPhase;
			buildActionMask = 2147483647;
			files = (
				2BFB7F212D2BAD0E00BBC0A7 /* ViewController.swift in Sources */,
				2BFB7F392D2BE1E700BBC0A7 /* MainView.swift in Sources */,
				2BFB7F372D2BE1BD00BBC0A7 /* BitCoinTrackerData.swift in Sources */,
				2BFB7F352D2BE18F00BBC0A7 /* BitCoinTrackerManager.swift in Sources */,
				2BFB7F1D2D2BAD0E00BBC0A7 /* AppDelegate.swift in Sources */,
				2BFB7F3B2D2BF72E00BBC0A7 /* BitCoinTrackerModal.swift in Sources */,
				2BFB7F1F2D2BAD0E00BBC0A7 /* SceneDelegate.swift in Sources */,
			);
			runOnlyForDeploymentPostprocessing = 0;
		};
/* End PBXSourcesBuildPhase section */

/* Begin PBXVariantGroup section */
		2BFB7F222D2BAD0E00BBC0A7 /* Main.storyboard */ = {
			isa = PBXVariantGroup;
			children = (
				2BFB7F232D2BAD0E00BBC0A7 /* Base */,
			);
			name = Main.storyboard;
			sourceTree = "<group>";
		};
		2BFB7F272D2BAD1000BBC0A7 /* LaunchScreen.storyboard */ = {
			isa = PBXVariantGroup;
			children = (
				2BFB7F282D2BAD1000BBC0A7 /* Base */,
			);
			name = LaunchScreen.storyboard;
			sourceTree = "<group>";
		};
/* End PBXVariantGroup section */

/* Begin XCBuildConfiguration section */
		2BFB7F2B2D2BAD1000BBC0A7 /* Debug */ = {
			isa = XCBuildConfiguration;
			buildSettings = {
				ALWAYS_SEARCH_USER_PATHS = NO;
				ASSETCATALOG_COMPILER_GENERATE_SWIFT_ASSET_SYMBOL_EXTENSIONS = YES;
				CLANG_ANALYZER_NONNULL = YES;
				CLANG_ANALYZER_NUMBER_OBJECT_CONVERSION = YES_AGGRESSIVE;
				CLANG_CXX_LANGUAGE_STANDARD = "gnu++20";
				CLANG_ENABLE_MODULES = YES;
				CLANG_ENABLE_OBJC_ARC = YES;
				CLANG_ENABLE_OBJC_WEAK = YES;
				CLANG_WARN_BLOCK_CAPTURE_AUTORELEASING = YES;
				CLANG_WARN_BOOL_CONVERSION = YES;
				CLANG_WARN_COMMA = YES;
				CLANG_WARN_CONSTANT_CONVERSION = YES;
				CLANG_WARN_DEPRECATED_OBJC_IMPLEMENTATIONS = YES;
				CLANG_WARN_DIRECT_OBJC_ISA_USAGE = YES_ERROR;
				CLANG_WARN_DOCUMENTATION_COMMENTS = YES;
				CLANG_WARN_EMPTY_BODY = YES;
				CLANG_WARN_ENUM_CONVERSION = YES;
				CLANG_WARN_INFINITE_RECURSION = YES;
				CLANG_WARN_INT_CONVERSION = YES;
				CLANG_WARN_NON_LITERAL_NULL_CONVERSION = YES;
				CLANG_WARN_OBJC_IMPLICIT_RETAIN_SELF = YES;
				CLANG_WARN_OBJC_LITERAL_CONVERSION = YES;
				CLANG_WARN_OBJC_ROOT_CLASS = YES_ERROR;
				CLANG_WARN_QUOTED_INCLUDE_IN_FRAMEWORK_HEADER = YES;
				CLANG_WARN_RANGE_LOOP_ANALYSIS = YES;
				CLANG_WARN_STRICT_PROTOTYPES = YES;
				CLANG_WARN_SUSPICIOUS_MOVE = YES;
				CLANG_WARN_UNGUARDED_AVAILABILITY = YES_AGGRESSIVE;
				CLANG_WARN_UNREACHABLE_CODE = YES;
				CLANG_WARN__DUPLICATE_METHOD_MATCH = YES;
				COPY_PHASE_STRIP = NO;
				DEBUG_INFORMATION_FORMAT = dwarf;
				ENABLE_STRICT_OBJC_MSGSEND = YES;
				ENABLE_TESTABILITY = YES;
				ENABLE_USER_SCRIPT_SANDBOXING = YES;
				GCC_C_LANGUAGE_STANDARD = gnu17;
				GCC_DYNAMIC_NO_PIC = NO;
				GCC_NO_COMMON_BLOCKS = YES;
				GCC_OPTIMIZATION_LEVEL = 0;
				GCC_PREPROCESSOR_DEFINITIONS = (
					"DEBUG=1",
					"$(inherited)",
				);
				GCC_WARN_64_TO_32_BIT_CONVERSION = YES;
				GCC_WARN_ABOUT_RETURN_TYPE = YES_ERROR;
				GCC_WARN_UNDECLARED_SELECTOR = YES;
				GCC_WARN_UNINITIALIZED_AUTOS = YES_AGGRESSIVE;
				GCC_WARN_UNUSED_FUNCTION = YES;
				GCC_WARN_UNUSED_VARIABLE = YES;
				IPHONEOS_DEPLOYMENT_TARGET = 17.2;
				LOCALIZATION_PREFERS_STRING_CATALOGS = YES;
				MTL_ENABLE_DEBUG_INFO = INCLUDE_SOURCE;
				MTL_FAST_MATH = YES;
				ONLY_ACTIVE_ARCH = YES;
				SDKROOT = iphoneos;
				SWIFT_ACTIVE_COMPILATION_CONDITIONS = "DEBUG $(inherited)";
				SWIFT_OPTIMIZATION_LEVEL = "-Onone";
			};
			name = Debug;
		};
		2BFB7F2C2D2BAD1000BBC0A7 /* Release */ = {
			isa = XCBuildConfiguration;
			buildSettings = {
				ALWAYS_SEARCH_USER_PATHS = NO;
				ASSETCATALOG_COMPILER_GENERATE_SWIFT_ASSET_SYMBOL_EXTENSIONS = YES;
				CLANG_ANALYZER_NONNULL = YES;
				CLANG_ANALYZER_NUMBER_OBJECT_CONVERSION = YES_AGGRESSIVE;
				CLANG_CXX_LANGUAGE_STANDARD = "gnu++20";
				CLANG_ENABLE_MODULES = YES;
				CLANG_ENABLE_OBJC_ARC = YES;
				CLANG_ENABLE_OBJC_WEAK = YES;
				CLANG_WARN_BLOCK_CAPTURE_AUTORELEASING = YES;
				CLANG_WARN_BOOL_CONVERSION = YES;
				CLANG_WARN_COMMA = YES;
				CLANG_WARN_CONSTANT_CONVERSION = YES;
				CLANG_WARN_DEPRECATED_OBJC_IMPLEMENTATIONS = YES;
				CLANG_WARN_DIRECT_OBJC_ISA_USAGE = YES_ERROR;
				CLANG_WARN_DOCUMENTATION_COMMENTS = YES;
				CLANG_WARN_EMPTY_BODY = YES;
				CLANG_WARN_ENUM_CONVERSION = YES;
				CLANG_WARN_INFINITE_RECURSION = YES;
				CLANG_WARN_INT_CONVERSION = YES;
				CLANG_WARN_NON_LITERAL_NULL_CONVERSION = YES;
				CLANG_WARN_OBJC_IMPLICIT_RETAIN_SELF = YES;
				CLANG_WARN_OBJC_LITERAL_CONVERSION = YES;
				CLANG_WARN_OBJC_ROOT_CLASS = YES_ERROR;
				CLANG_WARN_QUOTED_INCLUDE_IN_FRAMEWORK_HEADER = YES;
				CLANG_WARN_RANGE_LOOP_ANALYSIS = YES;
				CLANG_WARN_STRICT_PROTOTYPES = YES;
				CLANG_WARN_SUSPICIOUS_MOVE = YES;
				CLANG_WARN_UNGUARDED_AVAILABILITY = YES_AGGRESSIVE;
				CLANG_WARN_UNREACHABLE_CODE = YES;
				CLANG_WARN__DUPLICATE_METHOD_MATCH = YES;
				COPY_PHASE_STRIP = NO;
				DEBUG_INFORMATION_FORMAT = "dwarf-with-dsym";
				ENABLE_NS_ASSERTIONS = NO;
				ENABLE_STRICT_OBJC_MSGSEND = YES;
				ENABLE_USER_SCRIPT_SANDBOXING = YES;
				GCC_C_LANGUAGE_STANDARD = gnu17;
				GCC_NO_COMMON_BLOCKS = YES;
				GCC_WARN_64_TO_32_BIT_CONVERSION = YES;
				GCC_WARN_ABOUT_RETURN_TYPE = YES_ERROR;
				GCC_WARN_UNDECLARED_SELECTOR = YES;
				GCC_WARN_UNINITIALIZED_AUTOS = YES_AGGRESSIVE;
				GCC_WARN_UNUSED_FUNCTION = YES;
				GCC_WARN_UNUSED_VARIABLE = YES;
				IPHONEOS_DEPLOYMENT_TARGET = 17.2;
				LOCALIZATION_PREFERS_STRING_CATALOGS = YES;
				MTL_ENABLE_DEBUG_INFO = NO;
				MTL_FAST_MATH = YES;
				SDKROOT = iphoneos;
				SWIFT_COMPILATION_MODE = wholemodule;
				VALIDATE_PRODUCT = YES;
			};
			name = Release;
		};
		2BFB7F2E2D2BAD1000BBC0A7 /* Debug */ = {
			isa = XCBuildConfiguration;
			baseConfigurationReference = 46C2A59BB0B1998E4D56B27A /* Pods-BitCoinTracker.debug.xcconfig */;
			buildSettings = {
				ASSETCATALOG_COMPILER_APPICON_NAME = AppIcon;
				ASSETCATALOG_COMPILER_GLOBAL_ACCENT_COLOR_NAME = AccentColor;
				CODE_SIGN_STYLE = Automatic;
				CURRENT_PROJECT_VERSION = 1;
				DEVELOPMENT_TEAM = BN5BV8875R;
				ENABLE_USER_SCRIPT_SANDBOXING = NO;
				GENERATE_INFOPLIST_FILE = YES;
				INFOPLIST_FILE = BitCoinTracker/Info.plist;
				INFOPLIST_KEY_UIApplicationSupportsIndirectInputEvents = YES;
				INFOPLIST_KEY_UILaunchStoryboardName = LaunchScreen;
				INFOPLIST_KEY_UIMainStoryboardFile = Main;
				INFOPLIST_KEY_UISupportedInterfaceOrientations_iPad = "UIInterfaceOrientationPortrait UIInterfaceOrientationPortraitUpsideDown UIInterfaceOrientationLandscapeLeft UIInterfaceOrientationLandscapeRight";
				INFOPLIST_KEY_UISupportedInterfaceOrientations_iPhone = "UIInterfaceOrientationPortrait UIInterfaceOrientationLandscapeLeft UIInterfaceOrientationLandscapeRight";
				LD_RUNPATH_SEARCH_PATHS = (
					"$(inherited)",
					"@executable_path/Frameworks",
				);
				MARKETING_VERSION = 1.0;
				PRODUCT_BUNDLE_IDENTIFIER = com.selflearn.BitCoinTracker;
				PRODUCT_NAME = "$(TARGET_NAME)";
				SWIFT_EMIT_LOC_STRINGS = YES;
				SWIFT_VERSION = 5.0;
				TARGETED_DEVICE_FAMILY = "1,2";
			};
			name = Debug;
		};
		2BFB7F2F2D2BAD1000BBC0A7 /* Release */ = {
			isa = XCBuildConfiguration;
			baseConfigurationReference = 5F013A37557F9EAB23CE00C0 /* Pods-BitCoinTracker.release.xcconfig */;
			buildSettings = {
				ASSETCATALOG_COMPILER_APPICON_NAME = AppIcon;
				ASSETCATALOG_COMPILER_GLOBAL_ACCENT_COLOR_NAME = AccentColor;
				CODE_SIGN_STYLE = Automatic;
				CURRENT_PROJECT_VERSION = 1;
				DEVELOPMENT_TEAM = BN5BV8875R;
				ENABLE_USER_SCRIPT_SANDBOXING = NO;
				GENERATE_INFOPLIST_FILE = YES;
				INFOPLIST_FILE = BitCoinTracker/Info.plist;
				INFOPLIST_KEY_UIApplicationSupportsIndirectInputEvents = YES;
				INFOPLIST_KEY_UILaunchStoryboardName = LaunchScreen;
				INFOPLIST_KEY_UIMainStoryboardFile = Main;
				INFOPLIST_KEY_UISupportedInterfaceOrientations_iPad = "UIInterfaceOrientationPortrait UIInterfaceOrientationPortraitUpsideDown UIInterfaceOrientationLandscapeLeft UIInterfaceOrientationLandscapeRight";
				INFOPLIST_KEY_UISupportedInterfaceOrientations_iPhone = "UIInterfaceOrientationPortrait UIInterfaceOrientationLandscapeLeft UIInterfaceOrientationLandscapeRight";
				LD_RUNPATH_SEARCH_PATHS = (
					"$(inherited)",
					"@executable_path/Frameworks",
				);
				MARKETING_VERSION = 1.0;
				PRODUCT_BUNDLE_IDENTIFIER = com.selflearn.BitCoinTracker;
				PRODUCT_NAME = "$(TARGET_NAME)";
				SWIFT_EMIT_LOC_STRINGS = YES;
				SWIFT_VERSION = 5.0;
				TARGETED_DEVICE_FAMILY = "1,2";
			};
			name = Release;
		};
/* End XCBuildConfiguration section */

/* Begin XCConfigurationList section */
		2BFB7F142D2BAD0E00BBC0A7 /* Build configuration list for PBXProject "BitCoinTracker" */ = {
			isa = XCConfigurationList;
			buildConfigurations = (
				2BFB7F2B2D2BAD1000BBC0A7 /* Debug */,
				2BFB7F2C2D2BAD1000BBC0A7 /* Release */,
			);
			defaultConfigurationIsVisible = 0;
			defaultConfigurationName = Release;
		};
		2BFB7F2D2D2BAD1000BBC0A7 /* Build configuration list for PBXNativeTarget "BitCoinTracker" */ = {
			isa = XCConfigurationList;
			buildConfigurations = (
				2BFB7F2E2D2BAD1000BBC0A7 /* Debug */,
				2BFB7F2F2D2BAD1000BBC0A7 /* Release */,
			);
			defaultConfigurationIsVisible = 0;
			defaultConfigurationName = Release;
		};
/* End XCConfigurationList section */
	};
	rootObject = 2BFB7F112D2BAD0E00BBC0A7 /* Project object */;
}
